<?xml version="1.0" encoding="utf-8"?>
<Project ToolsVersion="4.0" xmlns="http://schemas.microsoft.com/developer/msbuild/2003">
  <ItemGroup>
    <Filter Include="Source Files">
      <UniqueIdentifier>{4FC737F1-C7A5-4376-A066-2A32D752A2FF}</UniqueIdentifier>
      <Extensions>cpp;c;cc;cxx;def;odl;idl;hpj;bat;asm;asmx</Extensions>
    </Filter>
    <Filter Include="Header Files">
      <UniqueIdentifier>{93995380-89BD-4b04-88EB-625FBE52EBFB}</UniqueIdentifier>
      <Extensions>h;hh;hpp;hxx;hm;inl;inc;xsd</Extensions>
    </Filter>
    <Filter Include="Resource Files">
      <UniqueIdentifier>{67DA6AB6-F800-4c08-8B7A-83BB121AAD01}</UniqueIdentifier>
      <Extensions>rc;ico;cur;bmp;dlg;rc2;rct;bin;rgs;gif;jpg;jpeg;jpe;resx;tiff;tif;png;wav;mfcribbon-ms</Extensions>
    </Filter>
    <Filter Include="Source Files\FileWatcher">
      <UniqueIdentifier>{eee498fb-2922-428a-a9c3-78b6907ecc68}</UniqueIdentifier>
    </Filter>
    <Filter Include="Header Files\FileWatcher">
      <UniqueIdentifier>{1a85b27e-d1ab-43dd-90b9-76e710931028}</UniqueIdentifier>
    </Filter>
  </ItemGroup>
  <ItemGroup>
    <ClInclude Include="..\WishEngine\FileWatcher.h">
      <Filter>Header Files\FileWatcher</Filter>
    </ClInclude>
    <ClInclude Include="..\WishEngine\FileWatcherImpl.h">
      <Filter>Header Files\FileWatcher</Filter>
    </ClInclude>
    <ClInclude Include="..\WishEngine\FileWatcherLinux.h">
      <Filter>Header Files\FileWatcher</Filter>
    </ClInclude>
    <ClInclude Include="..\WishEngine\FileWatcherOSX.h">
      <Filter>Header Files\FileWatcher</Filter>
    </ClInclude>
    <ClInclude Include="..\WishEngine\FileWatcherWin32.h">
      <Filter>Header Files\FileWatcher</Filter>
    </ClInclude>
  </ItemGroup>
  <ItemGroup>
    <ClCompile Include="WishPlatform.cpp">
      <Filter>Source Files</Filter>
    </ClCompile>
    <ClCompile Include="..\WishEngine\FileWatcher.cpp">
      <Filter>Source Files\FileWatcher</Filter>
    </ClCompile>
    <ClCompile Include="..\WishEngine\FileWatcherLinux.cpp">
      <Filter>Source Files\FileWatcher</Filter>
    </ClCompile>
    <ClCompile Include="..\WishEngine\FileWatcherOSX.cpp">
      <Filter>Source Files\FileWatcher</Filter>
    </ClCompile>
    <ClCompile Include="..\WishEngine\FileWatcherWin32.cpp">
      <Filter>Source Files\FileWatcher</Filter>
    </ClCompile>
    <ClCompile Include="WishThreading.cpp">
      <Filter>Source Files</Filter>
    </ClCompile>
  </ItemGroup>
</Project>