<?xml version="1.0" encoding="utf-8"?>
<Project ToolsVersion="4.0" xmlns="http://schemas.microsoft.com/developer/msbuild/2003">
  <ItemGroup>
    <Filter Include="Source Files">
      <UniqueIdentifier>{4FC737F1-C7A5-4376-A066-2A32D752A2FF}</UniqueIdentifier>
      <Extensions>cpp;c;cc;cxx;def;odl;idl;hpj;bat;asm;asmx</Extensions>
    </Filter>
    <Filter Include="Header Files">
      <UniqueIdentifier>{93995380-89BD-4b04-88EB-625FBE52EBFB}</UniqueIdentifier>
      <Extensions>h;hh;hpp;hxx;hm;inl;inc;xsd</Extensions>
    </Filter>
    <Filter Include="Resource Files">
      <UniqueIdentifier>{67DA6AB6-F800-4c08-8B7A-83BB121AAD01}</UniqueIdentifier>
      <Extensions>rc;ico;cur;bmp;dlg;rc2;rct;bin;rgs;gif;jpg;jpeg;jpe;resx;tiff;tif;png;wav;mfcribbon-ms</Extensions>
    </Filter>
    <Filter Include="Source Files\Engine">
      <UniqueIdentifier>{b018e735-9a9e-434f-8281-73c8d9ed5a7e}</UniqueIdentifier>
    </Filter>
    <Filter Include="Source Files\Engine\Render">
      <UniqueIdentifier>{766414fc-a728-4c80-b6f1-c051b9d516e5}</UniqueIdentifier>
    </Filter>
    <Filter Include="Source Files\Engine\Core">
      <UniqueIdentifier>{d774b82a-627d-4466-ba96-c756af51c954}</UniqueIdentifier>
    </Filter>
    <Filter Include="Source Files\Engine\Scene">
      <UniqueIdentifier>{70197057-d2b0-4b4e-914b-743a5eb8839a}</UniqueIdentifier>
    </Filter>
    <Filter Include="Header Files\Engine">
      <UniqueIdentifier>{95a25064-321b-4016-b15d-63522f407057}</UniqueIdentifier>
    </Filter>
    <Filter Include="Header Files\Engine\Core">
      <UniqueIdentifier>{b0802515-6771-47b2-bead-50bd578b9756}</UniqueIdentifier>
    </Filter>
    <Filter Include="Header Files\Engine\Scene">
      <UniqueIdentifier>{26096356-8e4e-44ee-8f70-8f47c98ef237}</UniqueIdentifier>
    </Filter>
    <Filter Include="Header Files\Engine\Render">
      <UniqueIdentifier>{8a0213d4-92dc-48c5-b15b-d57df62967d5}</UniqueIdentifier>
    </Filter>
    <Filter Include="Header Files\Engine\IO">
      <UniqueIdentifier>{0241ce5c-8d90-404c-8a52-3ad86d9f5081}</UniqueIdentifier>
    </Filter>
    <Filter Include="Source Files\Engine\IO">
      <UniqueIdentifier>{0c74387f-d866-4a48-88a8-4da5fc196857}</UniqueIdentifier>
    </Filter>
    <Filter Include="Header Files\Engine\Debug">
      <UniqueIdentifier>{f165da62-21d3-4a37-85a9-5c551a85a09b}</UniqueIdentifier>
    </Filter>
    <Filter Include="Header Files\Engine\Util">
      <UniqueIdentifier>{b34945a4-1764-4d88-9b36-944065e61c25}</UniqueIdentifier>
    </Filter>
    <Filter Include="Header Files\Engine\Types">
      <UniqueIdentifier>{e9bd5596-ca44-455c-977c-90eb50dda98d}</UniqueIdentifier>
    </Filter>
    <Filter Include="Source Files\Engine\Util">
      <UniqueIdentifier>{ad13b492-d68a-4ec6-aa6e-6d67ea60a1ee}</UniqueIdentifier>
    </Filter>
    <Filter Include="Source Files\Engine\Debug">
      <UniqueIdentifier>{972a3fff-19e7-4873-a22f-fb1878aa809e}</UniqueIdentifier>
    </Filter>
    <Filter Include="Header Files\Engine\Lua">
      <UniqueIdentifier>{21c58f17-326f-439c-b6f7-a69af37df7f0}</UniqueIdentifier>
    </Filter>
    <Filter Include="Header Files\Engine\Render\OpenGL">
      <UniqueIdentifier>{2b585dcb-4880-4b75-bbb3-13b11a6635ec}</UniqueIdentifier>
    </Filter>
    <Filter Include="Header Files\Engine\Render\Direct3D11">
      <UniqueIdentifier>{790a88cf-4724-4c70-8d8e-97a6eb0dae4e}</UniqueIdentifier>
    </Filter>
    <Filter Include="Source Files\Engine\Render\OpenGL">
      <UniqueIdentifier>{4d4e52df-cfa3-47d3-a730-7cb10ca5755d}</UniqueIdentifier>
    </Filter>
    <Filter Include="Source Files\Engine\Render\UI">
      <UniqueIdentifier>{843d811c-114a-4485-8f36-629c81dd0534}</UniqueIdentifier>
    </Filter>
    <Filter Include="Header Files\Engine\Render\UI">
      <UniqueIdentifier>{1b2ecc3c-9f8d-4a21-860f-792247e9a8ab}</UniqueIdentifier>
    </Filter>
    <Filter Include="Source Files\Engine\Lua">
      <UniqueIdentifier>{1397fbd1-d0c6-4d90-ba9d-6e87c5f2293e}</UniqueIdentifier>
    </Filter>
    <Filter Include="Source Files\Engine\Asset">
      <UniqueIdentifier>{60fe4c63-da29-4b9a-aa2d-391443bed8ff}</UniqueIdentifier>
    </Filter>
    <Filter Include="Header Files\Engine\Asset">
      <UniqueIdentifier>{2e7c89db-191d-47fb-bb87-ab1346260482}</UniqueIdentifier>
    </Filter>
  </ItemGroup>
  <ItemGroup>
    <Text Include="ReadMe.txt" />
  </ItemGroup>
  <ItemGroup>
    <ClInclude Include="stdafx.h">
      <Filter>Header Files</Filter>
    </ClInclude>
    <ClInclude Include="targetver.h">
      <Filter>Header Files</Filter>
    </ClInclude>
    <ClInclude Include="WishFrameInfo.hpp">
      <Filter>Header Files\Engine\Core</Filter>
    </ClInclude>
    <ClInclude Include="WishFontRenderer.hpp">
      <Filter>Header Files\Engine\Render</Filter>
    </ClInclude>
    <ClInclude Include="WishScancode.h">
      <Filter>Header Files\Engine\Core</Filter>
    </ClInclude>
    <ClInclude Include="WishTypes.h">
      <Filter>Header Files\Engine\Types</Filter>
    </ClInclude>
    <ClInclude Include="WishTiming.h">
      <Filter>Header Files\Engine\Debug</Filter>
    </ClInclude>
    <ClInclude Include="WishDebug.h">
      <Filter>Header Files\Engine\Debug</Filter>
    </ClInclude>
    <ClInclude Include="Perlin.hpp">
      <Filter>Header Files\Engine\Util</Filter>
    </ClInclude>
    <ClInclude Include="WishPlatform.h">
      <Filter>Header Files\Engine\Core</Filter>
    </ClInclude>
    <ClInclude Include="WishLua.h">
      <Filter>Header Files\Engine\Lua</Filter>
    </ClInclude>
    <ClInclude Include="WishString.h">
      <Filter>Header Files\Engine\Core</Filter>
    </ClInclude>
    <ClInclude Include="WishPrimitives.h">
      <Filter>Header Files\Engine\Render</Filter>
    </ClInclude>
    <ClInclude Include="WishModel.h">
      <Filter>Header Files\Engine\IO</Filter>
    </ClInclude>
    <ClInclude Include="WishExports.h">
      <Filter>Header Files\Engine</Filter>
    </ClInclude>
    <ClInclude Include="WishDeferredRenderer.h">
      <Filter>Header Files\Engine\Render</Filter>
    </ClInclude>
    <ClInclude Include="WishGeometry.h">
      <Filter>Header Files\Engine\Scene</Filter>
    </ClInclude>
    <ClInclude Include="WishTransform.h">
      <Filter>Header Files\Engine\Scene</Filter>
    </ClInclude>
    <ClInclude Include="WishGameObject.h">
      <Filter>Header Files\Engine\Scene</Filter>
    </ClInclude>
    <ClInclude Include="WishCamera.h">
      <Filter>Header Files\Engine\Scene</Filter>
    </ClInclude>
    <ClInclude Include="WishScene.h">
      <Filter>Header Files\Engine\Scene</Filter>
    </ClInclude>
    <ClInclude Include="WishEngine.h">
      <Filter>Header Files\Engine\Core</Filter>
    </ClInclude>
    <ClInclude Include="Wish.h">
      <Filter>Header Files\Engine\Types</Filter>
    </ClInclude>
    <ClInclude Include="WishLight.h">
      <Filter>Header Files\Engine\Scene</Filter>
    </ClInclude>
    <ClInclude Include="..\TestApp\Wish_FPS_Camera.h">
      <Filter>Header Files\Engine\Util</Filter>
    </ClInclude>
    <ClInclude Include="WishMaterial.h">
      <Filter>Header Files\Engine\Render</Filter>
    </ClInclude>
    <ClInclude Include="WishFramebuffer.h">
      <Filter>Header Files\Engine\Render</Filter>
    </ClInclude>
    <ClInclude Include="WishRenderer.h">
      <Filter>Header Files\Engine\Render</Filter>
    </ClInclude>
    <ClInclude Include="WishShader.h">
      <Filter>Header Files\Engine\Render</Filter>
    </ClInclude>
    <ClInclude Include="WishTexture.h">
      <Filter>Header Files\Engine\Render</Filter>
    </ClInclude>
    <ClInclude Include="WishMesh.h">
      <Filter>Header Files\Engine\Render</Filter>
    </ClInclude>
    <ClInclude Include="WishOGLTexture.h">
      <Filter>Header Files\Engine\Render\OpenGL</Filter>
    </ClInclude>
    <ClInclude Include="WishOGLShader.h">
      <Filter>Header Files\Engine\Render\OpenGL</Filter>
    </ClInclude>
    <ClInclude Include="WishUIComponent.h">
      <Filter>Header Files\Engine\Render\UI</Filter>
    </ClInclude>
    <ClInclude Include="WishInput.h">
      <Filter>Header Files\Engine\Core</Filter>
    </ClInclude>
    <ClInclude Include="WishUI.h">
      <Filter>Header Files\Engine\Render\UI</Filter>
    </ClInclude>
    <ClInclude Include="WishMemory.h">
      <Filter>Header Files\Engine\Core</Filter>
    </ClInclude>
    <ClInclude Include="WishOBJLoader.h">
      <Filter>Header Files\Engine\IO</Filter>
    </ClInclude>
    <ClInclude Include="WishHash.h">
      <Filter>Header Files\Engine\IO</Filter>
    </ClInclude>
    <ClInclude Include="Murmur3.h">
      <Filter>Header Files\Engine\IO</Filter>
    </ClInclude>
    <ClInclude Include="WishAssetManager.h">
      <Filter>Header Files\Engine\Asset</Filter>
    </ClInclude>
    <ClInclude Include="WishSprite.h">
      <Filter>Header Files\Engine\Render\UI</Filter>
    </ClInclude>
    <ClInclude Include="WishIO.h">
      <Filter>Header Files\Engine\IO</Filter>
    </ClInclude>
    <ClInclude Include="WishUIWindow.h">
      <Filter>Header Files\Engine\Render\UI</Filter>
    </ClInclude>
    <ClInclude Include="WishUIButton.h">
      <Filter>Header Files\Engine\Render\UI</Filter>
    </ClInclude>
    <ClInclude Include="WishUIPanel.h">
      <Filter>Header Files\Engine\Render\UI</Filter>
    </ClInclude>
  </ItemGroup>
  <ItemGroup>
    <ClCompile Include="stdafx.cpp">
      <Filter>Source Files</Filter>
    </ClCompile>
    <ClCompile Include="WishScene.cpp">
      <Filter>Source Files\Engine\Scene</Filter>
    </ClCompile>
    <ClCompile Include="WishGameObject.cpp">
      <Filter>Source Files\Engine\Scene</Filter>
    </ClCompile>
    <ClCompile Include="WishCamera.cpp">
      <Filter>Source Files\Engine\Scene</Filter>
    </ClCompile>
    <ClCompile Include="WishEngine.cpp">
      <Filter>Source Files\Engine\Core</Filter>
    </ClCompile>
    <ClCompile Include="WishIO.cpp">
      <Filter>Source Files\Engine\IO</Filter>
    </ClCompile>
    <ClCompile Include="WishFontRenderer.cpp">
      <Filter>Source Files\Engine\Render</Filter>
    </ClCompile>
    <ClCompile Include="Murmur3.cpp">
      <Filter>Source Files\Engine\IO</Filter>
    </ClCompile>
    <ClCompile Include="WishHash.cpp">
      <Filter>Source Files\Engine\IO</Filter>
    </ClCompile>
    <ClCompile Include="WishTransform.cpp">
      <Filter>Source Files\Engine\Scene</Filter>
    </ClCompile>
    <ClCompile Include="WishTiming.cpp">
      <Filter>Source Files\Engine\Debug</Filter>
    </ClCompile>
    <ClCompile Include="WishDebug.cpp">
      <Filter>Source Files\Engine\Debug</Filter>
    </ClCompile>
    <ClCompile Include="WishString.cpp">
      <Filter>Source Files\Engine\Core</Filter>
    </ClCompile>
    <ClCompile Include="WishPrimitives.cpp">
      <Filter>Source Files\Engine\Render</Filter>
    </ClCompile>
    <ClCompile Include="WishModel.cpp">
      <Filter>Source Files\Engine\IO</Filter>
    </ClCompile>
    <ClCompile Include="WishCore.cpp">
      <Filter>Source Files\Engine\Core</Filter>
    </ClCompile>
    <ClCompile Include="WishOBJLoader.cpp">
      <Filter>Source Files\Engine\IO</Filter>
    </ClCompile>
    <ClCompile Include="WishExports.cpp">
      <Filter>Source Files\Engine</Filter>
    </ClCompile>
    <ClCompile Include="WishLight.cpp">
      <Filter>Source Files\Engine\Scene</Filter>
    </ClCompile>
    <ClCompile Include="WishGeometry.cpp">
      <Filter>Source Files\Engine\Scene</Filter>
    </ClCompile>
    <ClCompile Include="WishOGLShader.cpp">
      <Filter>Source Files\Engine\Render\OpenGL</Filter>
    </ClCompile>
    <ClCompile Include="WishOGLTexture.cpp">
      <Filter>Source Files\Engine\Render\OpenGL</Filter>
    </ClCompile>
    <ClCompile Include="WishUIComponent.cpp">
      <Filter>Source Files\Engine\Render\UI</Filter>
    </ClCompile>
    <ClCompile Include="WishInput.cpp">
      <Filter>Source Files\Engine\Core</Filter>
    </ClCompile>
    <ClCompile Include="WishOGLRenderer.cpp">
      <Filter>Source Files\Engine\Render\OpenGL</Filter>
    </ClCompile>
    <ClCompile Include="WishOGLMaterial.cpp">
      <Filter>Source Files\Engine\Render\OpenGL</Filter>
    </ClCompile>
    <ClCompile Include="WishOGLDeferredRenderer.cpp">
      <Filter>Source Files\Engine\Render\OpenGL</Filter>
    </ClCompile>
    <ClCompile Include="WishOGLMesh.cpp">
      <Filter>Source Files\Engine\Render\OpenGL</Filter>
    </ClCompile>
    <ClCompile Include="WishUI.cpp">
      <Filter>Source Files\Engine\Render\UI</Filter>
    </ClCompile>
    <ClCompile Include="WishLua.cpp">
      <Filter>Source Files\Engine\Lua</Filter>
    </ClCompile>
    <ClCompile Include="WishAssetManager.cpp">
      <Filter>Source Files\Engine\Asset</Filter>
    </ClCompile>
    <ClCompile Include="WishMemory.cpp">
      <Filter>Source Files\Engine\Core</Filter>
    </ClCompile>
    <ClCompile Include="WishOGLFramebuffer.cpp">
      <Filter>Source Files\Engine\Render\OpenGL</Filter>
    </ClCompile>
    <ClCompile Include="WishUIWindow.cpp">
      <Filter>Source Files\Engine\Render\UI</Filter>
    </ClCompile>
    <ClCompile Include="WishUIButton.cpp">
      <Filter>Source Files\Engine\Render\UI</Filter>
    </ClCompile>
    <ClCompile Include="WishUIPanel.cpp">
      <Filter>Source Files\Engine\Render\UI</Filter>
    </ClCompile>
    <ClCompile Include="WishLuaWrapper.cpp">
      <Filter>Source Files\Engine\Lua</Filter>
    </ClCompile>
  </ItemGroup>
</Project>